Microsoft Visual Studio Solution File, Format Version 11.00
# Visual Studio 2008

Project("{6E86F359-1674-B0E0-3AFB-91E400E2DDF4}") = "Test_unity", "Assembly-CSharp-firstpass.csproj", "{C24D0F79-BFAA-20F0-FA5B-CC46AF3BC68B}"
EndProject
Project("{6E86F359-1674-B0E0-3AFB-91E400E2DDF4}") = "Test_unity", "Assembly-CSharp.csproj", "{5186196D-F034-3713-2F7B-A60EB04D5AAD}"
EndProject
Project("{6E86F359-1674-B0E0-3AFB-91E400E2DDF4}") = "Test_unity", "Assembly-CSharp-Editor.csproj", "{D91395A5-0EBA-8B88-E7F5-EFEF305B14A8}"
EndProject
Project("{6E86F359-1674-B0E0-3AFB-91E400E2DDF4}") = "Test_unity", "Assembly-UnityScript-firstpass.unityproj", "{CE1C00C8-25CC-90F7-ACF9-9D926E9EDD6E}"
EndProject
Project("{6E86F359-1674-B0E0-3AFB-91E400E2DDF4}") = "Test_unity", "Assembly-UnityScript.unityproj", "{3883766F-D775-176F-42FE-758C9440D7D3}"
EndProject
Global
	GlobalSection(SolutionConfigurationPlatforms) = preSolution
		Debug|Any CPU = Debug|Any CPU
		Release|Any CPU = Release|Any CPU
	EndGlobalSection
	GlobalSection(ProjectConfigurationPlatforms) = postSolution
		{C24D0F79-BFAA-20F0-FA5B-CC46AF3BC68B}.Debug|Any CPU.ActiveCfg = Debug|Any CPU
		{C24D0F79-BFAA-20F0-FA5B-CC46AF3BC68B}.Debug|Any CPU.Build.0 = Debug|Any CPU
		{C24D0F79-BFAA-20F0-FA5B-CC46AF3BC68B}.Release|Any CPU.ActiveCfg = Release|Any CPU
		{C24D0F79-BFAA-20F0-FA5B-CC46AF3BC68B}.Release|Any CPU.Build.0 = Release|Any CPU
		{5186196D-F034-3713-2F7B-A60EB04D5AAD}.Debug|Any CPU.ActiveCfg = Debug|Any CPU
		{5186196D-F034-3713-2F7B-A60EB04D5AAD}.Debug|Any CPU.Build.0 = Debug|Any CPU
		{5186196D-F034-3713-2F7B-A60EB04D5AAD}.Release|Any CPU.ActiveCfg = Release|Any CPU
		{5186196D-F034-3713-2F7B-A60EB04D5AAD}.Release|Any CPU.Build.0 = Release|Any CPU
		{D91395A5-0EBA-8B88-E7F5-EFEF305B14A8}.Debug|Any CPU.ActiveCfg = Debug|Any CPU
		{D91395A5-0EBA-8B88-E7F5-EFEF305B14A8}.Debug|Any CPU.Build.0 = Debug|Any CPU
		{D91395A5-0EBA-8B88-E7F5-EFEF305B14A8}.Release|Any CPU.ActiveCfg = Release|Any CPU
		{D91395A5-0EBA-8B88-E7F5-EFEF305B14A8}.Release|Any CPU.Build.0 = Release|Any CPU
		{CE1C00C8-25CC-90F7-ACF9-9D926E9EDD6E}.Debug|Any CPU.ActiveCfg = Debug|Any CPU
		{CE1C00C8-25CC-90F7-ACF9-9D926E9EDD6E}.Debug|Any CPU.Build.0 = Debug|Any CPU
		{CE1C00C8-25CC-90F7-ACF9-9D926E9EDD6E}.Release|Any CPU.ActiveCfg = Release|Any CPU
		{CE1C00C8-25CC-90F7-ACF9-9D926E9EDD6E}.Release|Any CPU.Build.0 = Release|Any CPU
		{3883766F-D775-176F-42FE-758C9440D7D3}.Debug|Any CPU.ActiveCfg = Debug|Any CPU
		{3883766F-D775-176F-42FE-758C9440D7D3}.Debug|Any CPU.Build.0 = Debug|Any CPU
		{3883766F-D775-176F-42FE-758C9440D7D3}.Release|Any CPU.ActiveCfg = Release|Any CPU
		{3883766F-D775-176F-42FE-758C9440D7D3}.Release|Any CPU.Build.0 = Release|Any CPU
	EndGlobalSection
	GlobalSection(SolutionProperties) = preSolution
		HideSolutionNode = FALSE
	EndGlobalSection
		GlobalSection(MonoDevelopProperties) = preSolution
		StartupItem = Assembly-CSharp.csproj
		Policies = $0
		$0.TextStylePolicy = $1
		$1.inheritsSet = null
		$1.scope = text/x-csharp
		$0.CSharpFormattingPolicy = $2
		$2.inheritsSet = Mono
		$2.inheritsScope = text/x-csharp
		$2.scope = text/x-csharp
		$0.TextStylePolicy = $3
		$3.FileWidth = 120
		$3.TabWidth = 4
		$3.EolMarker = Unix
		$3.inheritsSet = Mono
		$3.inheritsScope = text/plain
		$3.scope = text/plain
	EndGlobalSection

EndGlobal
